
Microsoft Visual Studio Solution File, Format Version 12.00
# Visual Studio Version 16
VisualStudioVersion = 16.0.30907.101
MinimumVisualStudioVersion = 10.0.40219.1
Project("{FAE04EC0-301F-11D3-BF4B-00C04F79EFBC}") = "UrnaEstudantil.API", "UrnaEstudantil.API\UrnaEstudantil.API.csproj", "{49E65655-98F2-46E3-9133-BDBCE0FE9150}"
EndProject
Project("{FAE04EC0-301F-11D3-BF4B-00C04F79EFBC}") = "UrnaEstudantil.Data", "UrnaEstudantil.Data\UrnaEstudantil.Data.csproj", "{23972FDF-5A70-483B-A87D-2808CE6FAC9D}"
EndProject
Project("{FAE04EC0-301F-11D3-BF4B-00C04F79EFBC}") = "UrnaEstudantil.Domain", "UrnaEstudantil.Domain\UrnaEstudantil.Domain.csproj", "{7A4EC27F-6410-4F20-A364-65B890F79CA2}"
EndProject
Global
	GlobalSection(SolutionConfigurationPlatforms) = preSolution
		Debug|Any CPU = Debug|Any CPU
		Release|Any CPU = Release|Any CPU
	EndGlobalSection
	GlobalSection(ProjectConfigurationPlatforms) = postSolution
		{49E65655-98F2-46E3-9133-BDBCE0FE9150}.Debug|Any CPU.ActiveCfg = Debug|Any CPU
		{49E65655-98F2-46E3-9133-BDBCE0FE9150}.Debug|Any CPU.Build.0 = Debug|Any CPU
		{49E65655-98F2-46E3-9133-BDBCE0FE9150}.Release|Any CPU.ActiveCfg = Release|Any CPU
		{49E65655-98F2-46E3-9133-BDBCE0FE9150}.Release|Any CPU.Build.0 = Release|Any CPU
		{23972FDF-5A70-483B-A87D-2808CE6FAC9D}.Debug|Any CPU.ActiveCfg = Debug|Any CPU
		{23972FDF-5A70-483B-A87D-2808CE6FAC9D}.Debug|Any CPU.Build.0 = Debug|Any CPU
		{23972FDF-5A70-483B-A87D-2808CE6FAC9D}.Release|Any CPU.ActiveCfg = Release|Any CPU
		{23972FDF-5A70-483B-A87D-2808CE6FAC9D}.Release|Any CPU.Build.0 = Release|Any CPU
		{7A4EC27F-6410-4F20-A364-65B890F79CA2}.Debug|Any CPU.ActiveCfg = Debug|Any CPU
		{7A4EC27F-6410-4F20-A364-65B890F79CA2}.Debug|Any CPU.Build.0 = Debug|Any CPU
		{7A4EC27F-6410-4F20-A364-65B890F79CA2}.Release|Any CPU.ActiveCfg = Release|Any CPU
		{7A4EC27F-6410-4F20-A364-65B890F79CA2}.Release|Any CPU.Build.0 = Release|Any CPU
	EndGlobalSection
	GlobalSection(SolutionProperties) = preSolution
		HideSolutionNode = FALSE
	EndGlobalSection
	GlobalSection(ExtensibilityGlobals) = postSolution
		SolutionGuid = {E2E261D6-C93F-4982-AC79-4B9D1FB119F4}
	EndGlobalSection
EndGlobal
